<?xml version="1.0" encoding="UTF-8" standalone="yes" ?>
<CodeBlocks_project_file>
	<FileVersion major="1" minor="6" />
	<Project>
		<Option title="TestCMSISNN" />
		<Option pch_mode="2" />
		<Option compiler="gcc" />
		<Build>
			<Target title="Debug">
				<Option output="bin/Debug/TestCMSISNN" prefix_auto="1" extension_auto="1" />
				<Option object_output="obj/Debug/" />
				<Option type="1" />
				<Option compiler="gcc" />
				<Compiler>
					<Add option="-g" />
					<Add directory="../CMSIS/NN/Include" />
					<Add directory="../CMSIS/Core/Include" />
					<Add directory="../CMSIS/DSP/Include" />
					<Add directory="../CMSIS/NN/Examples/ARM/arm_nn_examples/cifar10" />
				</Compiler>
			</Target>
			<Target title="Release">
				<Option output="bin/Release/TestCMSISNN" prefix_auto="1" extension_auto="1" />
				<Option object_output="obj/Release/" />
				<Option type="1" />
				<Option compiler="gcc" />
				<Compiler>
					<Add option="-O2" />
				</Compiler>
				<Linker>
					<Add option="-s" />
				</Linker>
			</Target>
		</Build>
		<Compiler>
			<Add option="-Wall" />
		</Compiler>
		<Unit filename="../CMSIS/NN/Source/ActivationFunctions/arm_nn_activations_q15.c">
			<Option compilerVar="CC" />
		</Unit>
		<Unit filename="../CMSIS/NN/Source/ActivationFunctions/arm_nn_activations_q7.c">
			<Option compilerVar="CC" />
		</Unit>
		<Unit filename="../CMSIS/NN/Source/ActivationFunctions/arm_relu6_s8.c">
			<Option compilerVar="CC" />
		</Unit>
		<Unit filename="../CMSIS/NN/Source/ActivationFunctions/arm_relu_q15.c">
			<Option compilerVar="CC" />
		</Unit>
		<Unit filename="../CMSIS/NN/Source/ActivationFunctions/arm_relu_q7.c">
			<Option compilerVar="CC" />
		</Unit>
		<Unit filename="../CMSIS/NN/Source/BasicMathFunctions/arm_elementwise_add_s8.c">
			<Option compilerVar="CC" />
		</Unit>
		<Unit filename="../CMSIS/NN/Source/BasicMathFunctions/arm_elementwise_mul_s8.c">
			<Option compilerVar="CC" />
		</Unit>
		<Unit filename="../CMSIS/NN/Source/ConcatenationFunctions/arm_concatenation_s8_w.c">
			<Option compilerVar="CC" />
		</Unit>
		<Unit filename="../CMSIS/NN/Source/ConcatenationFunctions/arm_concatenation_s8_x.c">
			<Option compilerVar="CC" />
		</Unit>
		<Unit filename="../CMSIS/NN/Source/ConcatenationFunctions/arm_concatenation_s8_y.c">
			<Option compilerVar="CC" />
		</Unit>
		<Unit filename="../CMSIS/NN/Source/ConcatenationFunctions/arm_concatenation_s8_z.c">
			<Option compilerVar="CC" />
		</Unit>
		<Unit filename="../CMSIS/NN/Source/ConvolutionFunctions/arm_convolve_1_x_n_s8.c">
			<Option compilerVar="CC" />
		</Unit>
		<Unit filename="../CMSIS/NN/Source/ConvolutionFunctions/arm_convolve_1x1_HWC_q7_fast_nonsquare.c">
			<Option compilerVar="CC" />
		</Unit>
		<Unit filename="../CMSIS/NN/Source/ConvolutionFunctions/arm_convolve_1x1_s8_fast.c">
			<Option compilerVar="CC" />
		</Unit>
		<Unit filename="../CMSIS/NN/Source/ConvolutionFunctions/arm_convolve_HWC_q15_basic.c">
			<Option compilerVar="CC" />
		</Unit>
		<Unit filename="../CMSIS/NN/Source/ConvolutionFunctions/arm_convolve_HWC_q15_fast.c">
			<Option compilerVar="CC" />
		</Unit>
		<Unit filename="../CMSIS/NN/Source/ConvolutionFunctions/arm_convolve_HWC_q15_fast_nonsquare.c">
			<Option compilerVar="CC" />
		</Unit>
		<Unit filename="../CMSIS/NN/Source/ConvolutionFunctions/arm_convolve_HWC_q7_RGB.c">
			<Option compilerVar="CC" />
		</Unit>
		<Unit filename="../CMSIS/NN/Source/ConvolutionFunctions/arm_convolve_HWC_q7_basic.c">
			<Option compilerVar="CC" />
		</Unit>
		<Unit filename="../CMSIS/NN/Source/ConvolutionFunctions/arm_convolve_HWC_q7_basic_nonsquare.c">
			<Option compilerVar="CC" />
		</Unit>
		<Unit filename="../CMSIS/NN/Source/ConvolutionFunctions/arm_convolve_HWC_q7_fast.c">
			<Option compilerVar="CC" />
		</Unit>
		<Unit filename="../CMSIS/NN/Source/ConvolutionFunctions/arm_convolve_HWC_q7_fast_nonsquare.c">
			<Option compilerVar="CC" />
		</Unit>
		<Unit filename="../CMSIS/NN/Source/ConvolutionFunctions/arm_convolve_s8.c">
			<Option compilerVar="CC" />
		</Unit>
		<Unit filename="../CMSIS/NN/Source/ConvolutionFunctions/arm_convolve_wrapper_s8.c">
			<Option compilerVar="CC" />
		</Unit>
		<Unit filename="../CMSIS/NN/Source/ConvolutionFunctions/arm_depthwise_conv_3x3_s8.c">
			<Option compilerVar="CC" />
		</Unit>
		<Unit filename="../CMSIS/NN/Source/ConvolutionFunctions/arm_depthwise_conv_s8.c">
			<Option compilerVar="CC" />
		</Unit>
		<Unit filename="../CMSIS/NN/Source/ConvolutionFunctions/arm_depthwise_conv_s8_opt.c">
			<Option compilerVar="CC" />
		</Unit>
		<Unit filename="../CMSIS/NN/Source/ConvolutionFunctions/arm_depthwise_conv_u8_basic_ver1.c">
			<Option compilerVar="CC" />
		</Unit>
		<Unit filename="../CMSIS/NN/Source/ConvolutionFunctions/arm_depthwise_conv_wrapper_s8.c">
			<Option compilerVar="CC" />
		</Unit>
		<Unit filename="../CMSIS/NN/Source/ConvolutionFunctions/arm_depthwise_separable_conv_HWC_q7.c">
			<Option compilerVar="CC" />
		</Unit>
		<Unit filename="../CMSIS/NN/Source/ConvolutionFunctions/arm_depthwise_separable_conv_HWC_q7_nonsquare.c">
			<Option compilerVar="CC" />
		</Unit>
		<Unit filename="../CMSIS/NN/Source/ConvolutionFunctions/arm_nn_depthwise_conv_s8_core.c">
			<Option compilerVar="CC" />
		</Unit>
		<Unit filename="../CMSIS/NN/Source/ConvolutionFunctions/arm_nn_mat_mult_kernel_q7_q15.c">
			<Option compilerVar="CC" />
		</Unit>
		<Unit filename="../CMSIS/NN/Source/ConvolutionFunctions/arm_nn_mat_mult_kernel_q7_q15_reordered.c">
			<Option compilerVar="CC" />
		</Unit>
		<Unit filename="../CMSIS/NN/Source/ConvolutionFunctions/arm_nn_mat_mult_kernel_s8_s16.c">
			<Option compilerVar="CC" />
		</Unit>
		<Unit filename="../CMSIS/NN/Source/ConvolutionFunctions/arm_nn_mat_mult_kernel_s8_s16_reordered.c">
			<Option compilerVar="CC" />
		</Unit>
		<Unit filename="../CMSIS/NN/Source/ConvolutionFunctions/arm_nn_mat_mult_s8.c">
			<Option compilerVar="CC" />
		</Unit>
		<Unit filename="../CMSIS/NN/Source/FullyConnectedFunctions/arm_fully_connected_mat_q7_vec_q15.c">
			<Option compilerVar="CC" />
		</Unit>
		<Unit filename="../CMSIS/NN/Source/FullyConnectedFunctions/arm_fully_connected_mat_q7_vec_q15_opt.c">
			<Option compilerVar="CC" />
		</Unit>
		<Unit filename="../CMSIS/NN/Source/FullyConnectedFunctions/arm_fully_connected_q15.c">
			<Option compilerVar="CC" />
		</Unit>
		<Unit filename="../CMSIS/NN/Source/FullyConnectedFunctions/arm_fully_connected_q15_opt.c">
			<Option compilerVar="CC" />
		</Unit>
		<Unit filename="../CMSIS/NN/Source/FullyConnectedFunctions/arm_fully_connected_q7.c">
			<Option compilerVar="CC" />
		</Unit>
		<Unit filename="../CMSIS/NN/Source/FullyConnectedFunctions/arm_fully_connected_q7_opt.c">
			<Option compilerVar="CC" />
		</Unit>
		<Unit filename="../CMSIS/NN/Source/FullyConnectedFunctions/arm_fully_connected_s8.c">
			<Option compilerVar="CC" />
		</Unit>
		<Unit filename="../CMSIS/NN/Source/NNSupportFunctions/arm_nn_accumulate_q7_to_q15.c">
			<Option compilerVar="CC" />
		</Unit>
		<Unit filename="../CMSIS/NN/Source/NNSupportFunctions/arm_nn_add_q7.c">
			<Option compilerVar="CC" />
		</Unit>
		<Unit filename="../CMSIS/NN/Source/NNSupportFunctions/arm_nn_depthwise_conv_nt_t_padded_s8.c">
			<Option compilerVar="CC" />
		</Unit>
		<Unit filename="../CMSIS/NN/Source/NNSupportFunctions/arm_nn_depthwise_conv_nt_t_s8.c">
			<Option compilerVar="CC" />
		</Unit>
		<Unit filename="../CMSIS/NN/Source/NNSupportFunctions/arm_nn_mat_mul_core_1x_s8.c">
			<Option compilerVar="CC" />
		</Unit>
		<Unit filename="../CMSIS/NN/Source/NNSupportFunctions/arm_nn_mat_mul_core_4x_s8.c">
			<Option compilerVar="CC" />
		</Unit>
		<Unit filename="../CMSIS/NN/Source/NNSupportFunctions/arm_nn_mat_mult_nt_t_s8.c">
			<Option compilerVar="CC" />
		</Unit>
		<Unit filename="../CMSIS/NN/Source/NNSupportFunctions/arm_nn_mult_q15.c">
			<Option compilerVar="CC" />
		</Unit>
		<Unit filename="../CMSIS/NN/Source/NNSupportFunctions/arm_nn_mult_q7.c">
			<Option compilerVar="CC" />
		</Unit>
		<Unit filename="../CMSIS/NN/Source/NNSupportFunctions/arm_nn_vec_mat_mult_t_s8.c">
			<Option compilerVar="CC" />
		</Unit>
		<Unit filename="../CMSIS/NN/Source/NNSupportFunctions/arm_nn_vec_mat_mult_t_svdf_s8.c">
			<Option compilerVar="CC" />
		</Unit>
		<Unit filename="../CMSIS/NN/Source/NNSupportFunctions/arm_nntables.c">
			<Option compilerVar="CC" />
		</Unit>
		<Unit filename="../CMSIS/NN/Source/NNSupportFunctions/arm_q7_to_q15_no_shift.c">
			<Option compilerVar="CC" />
		</Unit>
		<Unit filename="../CMSIS/NN/Source/NNSupportFunctions/arm_q7_to_q15_reordered_no_shift.c">
			<Option compilerVar="CC" />
		</Unit>
		<Unit filename="../CMSIS/NN/Source/NNSupportFunctions/arm_q7_to_q15_reordered_with_offset.c">
			<Option compilerVar="CC" />
		</Unit>
		<Unit filename="../CMSIS/NN/Source/NNSupportFunctions/arm_q7_to_q15_with_offset.c">
			<Option compilerVar="CC" />
		</Unit>
		<Unit filename="../CMSIS/NN/Source/PoolingFunctions/arm_avgpool_s8.c">
			<Option compilerVar="CC" />
		</Unit>
		<Unit filename="../CMSIS/NN/Source/PoolingFunctions/arm_max_pool_s8.c">
			<Option compilerVar="CC" />
		</Unit>
		<Unit filename="../CMSIS/NN/Source/PoolingFunctions/arm_pool_q7_HWC.c">
			<Option compilerVar="CC" />
		</Unit>
		<Unit filename="../CMSIS/NN/Source/ReshapeFunctions/arm_reshape_s8.c">
			<Option compilerVar="CC" />
		</Unit>
		<Unit filename="../CMSIS/NN/Source/SVDFunctions/arm_svdf_s8.c">
			<Option compilerVar="CC" />
		</Unit>
		<Unit filename="../CMSIS/NN/Source/SoftmaxFunctions/arm_softmax_q15.c">
			<Option compilerVar="CC" />
		</Unit>
		<Unit filename="../CMSIS/NN/Source/SoftmaxFunctions/arm_softmax_q7.c">
			<Option compilerVar="CC" />
		</Unit>
		<Unit filename="../CMSIS/NN/Source/SoftmaxFunctions/arm_softmax_s8.c">
			<Option compilerVar="CC" />
		</Unit>
		<Unit filename="../CMSIS/NN/Source/SoftmaxFunctions/arm_softmax_u8.c">
			<Option compilerVar="CC" />
		</Unit>
		<Unit filename="../CMSIS/NN/Source/SoftmaxFunctions/arm_softmax_with_batch_q7.c">
			<Option compilerVar="CC" />
		</Unit>
		<Unit filename="main.c">
			<Option compilerVar="CC" />
		</Unit>
		<Extensions>
			<lib_finder disable_auto="1" />
		</Extensions>
	</Project>
</CodeBlocks_project_file>
